// !$*UTF8*$!
{
	archiveVersion = 1;
	classes = {
	};
	objectVersion = 50;
	objects = {

/* Begin PBXBuildFile section */
		10E9E6E3274029EB0056067A /* AppDelegate.swift in Sources */ = {isa = PBXBuildFile; fileRef = 10E9E6E2274029EB0056067A /* AppDelegate.swift */; };
		10E9E6E5274029EB0056067A /* SceneDelegate.swift in Sources */ = {isa = PBXBuildFile; fileRef = 10E9E6E4274029EB0056067A /* SceneDelegate.swift */; };
		10E9E6EA274029EB0056067A /* Main.storyboard in Resources */ = {isa = PBXBuildFile; fileRef = 10E9E6E8274029EB0056067A /* Main.storyboard */; };
		10E9E6ED274029EB0056067A /* toDoListCoreData.xcdatamodeld in Sources */ = {isa = PBXBuildFile; fileRef = 10E9E6EB274029EB0056067A /* toDoListCoreData.xcdatamodeld */; };
		10E9E6EF274029EC0056067A /* Assets.xcassets in Resources */ = {isa = PBXBuildFile; fileRef = 10E9E6EE274029EC0056067A /* Assets.xcassets */; };
		10E9E6F2274029EC0056067A /* LaunchScreen.storyboard in Resources */ = {isa = PBXBuildFile; fileRef = 10E9E6F0274029EC0056067A /* LaunchScreen.storyboard */; };
		10E9E6FA27402A100056067A /* TableViewController.swift in Sources */ = {isa = PBXBuildFile; fileRef = 10E9E6F927402A100056067A /* TableViewController.swift */; };
/* End PBXBuildFile section */

/* Begin PBXFileReference section */
		10E9E6DF274029EB0056067A /* toDoListCoreData.app */ = {isa = PBXFileReference; explicitFileType = wrapper.application; includeInIndex = 0; path = toDoListCoreData.app; sourceTree = BUILT_PRODUCTS_DIR; };
		10E9E6E2274029EB0056067A /* AppDelegate.swift */ = {isa = PBXFileReference; lastKnownFileType = sourcecode.swift; path = AppDelegate.swift; sourceTree = "<group>"; };
		10E9E6E4274029EB0056067A /* SceneDelegate.swift */ = {isa = PBXFileReference; lastKnownFileType = sourcecode.swift; path = SceneDelegate.swift; sourceTree = "<group>"; };
		10E9E6E9274029EB0056067A /* Base */ = {isa = PBXFileReference; lastKnownFileType = file.storyboard; name = Base; path = Base.lproj/Main.storyboard; sourceTree = "<group>"; };
		10E9E6EC274029EB0056067A /* toDoListCoreData.xcdatamodel */ = {isa = PBXFileReference; lastKnownFileType = wrapper.xcdatamodel; path = toDoListCoreData.xcdatamodel; sourceTree = "<group>"; };
		10E9E6EE274029EC0056067A /* Assets.xcassets */ = {isa = PBXFileReference; lastKnownFileType = folder.assetcatalog; path = Assets.xcassets; sourceTree = "<group>"; };
		10E9E6F1274029EC0056067A /* Base */ = {isa = PBXFileReference; lastKnownFileType = file.storyboard; name = Base; path = Base.lproj/LaunchScreen.storyboard; sourceTree = "<group>"; };
		10E9E6F3274029EC0056067A /* Info.plist */ = {isa = PBXFileReference; lastKnownFileType = text.plist.xml; path = Info.plist; sourceTree = "<group>"; };
		10E9E6F927402A100056067A /* TableViewController.swift */ = {isa = PBXFileReference; lastKnownFileType = sourcecode.swift; path = TableViewController.swift; sourceTree = "<group>"; };
/* End PBXFileReference section */

/* Begin PBXFrameworksBuildPhase section */
		10E9E6DC274029EB0056067A /* Frameworks */ = {
			isa = PBXFrameworksBuildPhase;
			buildActionMask = 2147483647;
			files = (
			);
			runOnlyForDeploymentPostprocessing = 0;
		};
/* End PBXFrameworksBuildPhase section */

/* Begin PBXGroup section */
		10E9E6D6274029EB0056067A = {
			isa = PBXGroup;
			children = (
				10E9E6E1274029EB0056067A /* toDoListCoreData */,
				10E9E6E0274029EB0056067A /* Products */,
			);
			sourceTree = "<group>";
		};
		10E9E6E0274029EB0056067A /* Products */ = {
			isa = PBXGroup;
			children = (
				10E9E6DF274029EB0056067A /* toDoListCoreData.app */,
			);
			name = Products;
			sourceTree = "<group>";
		};
		10E9E6E1274029EB0056067A /* toDoListCoreData */ = {
			isa = PBXGroup;
			children = (
				10E9E6E2274029EB0056067A /* AppDelegate.swift */,
				10E9E6E4274029EB0056067A /* SceneDelegate.swift */,
				10E9E6F927402A100056067A /* TableViewController.swift */,
				10E9E6E8274029EB0056067A /* Main.storyboard */,
				10E9E6EE274029EC0056067A /* Assets.xcassets */,
				10E9E6F0274029EC0056067A /* LaunchScreen.storyboard */,
				10E9E6F3274029EC0056067A /* Info.plist */,
				10E9E6EB274029EB0056067A /* toDoListCoreData.xcdatamodeld */,
			);
			path = toDoListCoreData;
			sourceTree = "<group>";
		};
/* End PBXGroup section */

/* Begin PBXNativeTarget section */
		10E9E6DE274029EB0056067A /* toDoListCoreData */ = {
			isa = PBXNativeTarget;
			buildConfigurationList = 10E9E6F6274029EC0056067A /* Build configuration list for PBXNativeTarget "toDoListCoreData" */;
			buildPhases = (
				10E9E6DB274029EB0056067A /* Sources */,
				10E9E6DC274029EB0056067A /* Frameworks */,
				10E9E6DD274029EB0056067A /* Resources */,
			);
			buildRules = (
			);
			dependencies = (
			);
			name = toDoListCoreData;
			productName = toDoListCoreData;
			productReference = 10E9E6DF274029EB0056067A /* toDoListCoreData.app */;
			productType = "com.apple.product-type.application";
		};
/* End PBXNativeTarget section */

/* Begin PBXProject section */
		10E9E6D7274029EB0056067A /* Project object */ = {
			isa = PBXProject;
			attributes = {
				LastSwiftUpdateCheck = 1250;
				LastUpgradeCheck = 1250;
				TargetAttributes = {
					10E9E6DE274029EB0056067A = {
						CreatedOnToolsVersion = 12.5.1;
					};
				};
			};
			buildConfigurationList = 10E9E6DA274029EB0056067A /* Build configuration list for PBXProject "toDoListCoreData" */;
			compatibilityVersion = "Xcode 9.3";
			developmentRegion = en;
			hasScannedForEncodings = 0;
			knownRegions = (
				en,
				Base,
			);
			mainGroup = 10E9E6D6274029EB0056067A;
			productRefGroup = 10E9E6E0274029EB0056067A /* Products */;
			projectDirPath = "";
			projectRoot = "";
			targets = (
				10E9E6DE274029EB0056067A /* toDoListCoreData */,
			);
		};
/* End PBXProject section */

/* Begin PBXResourcesBuildPhase section */
		10E9E6DD274029EB0056067A /* Resources */ = {
			isa = PBXResourcesBuildPhase;
			buildActionMask = 2147483647;
			files = (
				10E9E6F2274029EC0056067A /* LaunchScreen.storyboard in Resources */,
				10E9E6EF274029EC0056067A /* Assets.xcassets in Resources */,
				10E9E6EA274029EB0056067A /* Main.storyboard in Resources */,
			);
			runOnlyForDeploymentPostprocessing = 0;
		};
/* End PBXResourcesBuildPhase section */

/* Begin PBXSourcesBuildPhase section */
		10E9E6DB274029EB0056067A /* Sources */ = {
			isa = PBXSourcesBuildPhase;
			buildActionMask = 2147483647;
			files = (
				10E9E6E3274029EB0056067A /* AppDelegate.swift in Sources */,
				10E9E6ED274029EB0056067A /* toDoListCoreData.xcdatamodeld in Sources */,
				10E9E6E5274029EB0056067A /* SceneDelegate.swift in Sources */,
				10E9E6FA27402A100056067A /* TableViewController.swift in Sources */,
			);
			runOnlyForDeploymentPostprocessing = 0;
		};
/* End PBXSourcesBuildPhase section */

/* Begin PBXVariantGroup section */
		10E9E6E8274029EB0056067A /* Main.storyboard */ = {
			isa = PBXVariantGroup;
			children = (
				10E9E6E9274029EB0056067A /* Base */,
			);
			name = Main.storyboard;
			sourceTree = "<group>";
		};
		10E9E6F0274029EC0056067A /* LaunchScreen.storyboard */ = {
			isa = PBXVariantGroup;
			children = (
				10E9E6F1274029EC0056067A /* Base */,
			);
			name = LaunchScreen.storyboard;
			sourceTree = "<group>";
		};
/* End PBXVariantGroup section */

/* Begin XCBuildConfiguration section */
		10E9E6F4274029EC0056067A /* Debug */ = {
			isa = XCBuildConfiguration;
			buildSettings = {
				ALWAYS_SEARCH_USER_PATHS = NO;
				CLANG_ANALYZER_NONNULL = YES;
				CLANG_ANALYZER_NUMBER_OBJECT_CONVERSION = YES_AGGRESSIVE;
				CLANG_CXX_LANGUAGE_STANDARD = "gnu++14";
				CLANG_CXX_LIBRARY = "libc++";
				CLANG_ENABLE_MODULES = YES;
				CLANG_ENABLE_OBJC_ARC = YES;
				CLANG_ENABLE_OBJC_WEAK = YES;
				CLANG_WARN_BLOCK_CAPTURE_AUTORELEASING = YES;
				CLANG_WARN_BOOL_CONVERSION = YES;
				CLANG_WARN_COMMA = YES;
				CLANG_WARN_CONSTANT_CONVERSION = YES;
				CLANG_WARN_DEPRECATED_OBJC_IMPLEMENTATIONS = YES;
				CLANG_WARN_DIRECT_OBJC_ISA_USAGE = YES_ERROR;
				CLANG_WARN_DOCUMENTATION_COMMENTS = YES;
				CLANG_WARN_EMPTY_BODY = YES;
				CLANG_WARN_ENUM_CONVERSION = YES;
				CLANG_WARN_INFINITE_RECURSION = YES;
				CLANG_WARN_INT_CONVERSION = YES;
				CLANG_WARN_NON_LITERAL_NULL_CONVERSION = YES;
				CLANG_WARN_OBJC_IMPLICIT_RETAIN_SELF = YES;
				CLANG_WARN_OBJC_LITERAL_CONVERSION = YES;
				CLANG_WARN_OBJC_ROOT_CLASS = YES_ERROR;
				CLANG_WARN_QUOTED_INCLUDE_IN_FRAMEWORK_HEADER = YES;
				CLANG_WARN_RANGE_LOOP_ANALYSIS = YES;
				CLANG_WARN_STRICT_PROTOTYPES = YES;
				CLANG_WARN_SUSPICIOUS_MOVE = YES;
				CLANG_WARN_UNGUARDED_AVAILABILITY = YES_AGGRESSIVE;
				CLANG_WARN_UNREACHABLE_CODE = YES;
				CLANG_WARN__DUPLICATE_METHOD_MATCH = YES;
				COPY_PHASE_STRIP = NO;
				DEBUG_INFORMATION_FORMAT = dwarf;
				ENABLE_STRICT_OBJC_MSGSEND = YES;
				ENABLE_TESTABILITY = YES;
				GCC_C_LANGUAGE_STANDARD = gnu11;
				GCC_DYNAMIC_NO_PIC = NO;
				GCC_NO_COMMON_BLOCKS = YES;
				GCC_OPTIMIZATION_LEVEL = 0;
				GCC_PREPROCESSOR_DEFINITIONS = (
					"DEBUG=1",
					"$(inherited)",
				);
				GCC_WARN_64_TO_32_BIT_CONVERSION = YES;
				GCC_WARN_ABOUT_RETURN_TYPE = YES_ERROR;
				GCC_WARN_UNDECLARED_SELECTOR = YES;
				GCC_WARN_UNINITIALIZED_AUTOS = YES_AGGRESSIVE;
				GCC_WARN_UNUSED_FUNCTION = YES;
				GCC_WARN_UNUSED_VARIABLE = YES;
				IPHONEOS_DEPLOYMENT_TARGET = 14.5;
				MTL_ENABLE_DEBUG_INFO = INCLUDE_SOURCE;
				MTL_FAST_MATH = YES;
				ONLY_ACTIVE_ARCH = YES;
				SDKROOT = iphoneos;
				SWIFT_ACTIVE_COMPILATION_CONDITIONS = DEBUG;
				SWIFT_OPTIMIZATION_LEVEL = "-Onone";
			};
			name = Debug;
		};
		10E9E6F5274029EC0056067A /* Release */ = {
			isa = XCBuildConfiguration;
			buildSettings = {
				ALWAYS_SEARCH_USER_PATHS = NO;
				CLANG_ANALYZER_NONNULL = YES;
				CLANG_ANALYZER_NUMBER_OBJECT_CONVERSION = YES_AGGRESSIVE;
				CLANG_CXX_LANGUAGE_STANDARD = "gnu++14";
				CLANG_CXX_LIBRARY = "libc++";
				CLANG_ENABLE_MODULES = YES;
				CLANG_ENABLE_OBJC_ARC = YES;
				CLANG_ENABLE_OBJC_WEAK = YES;
				CLANG_WARN_BLOCK_CAPTURE_AUTORELEASING = YES;
				CLANG_WARN_BOOL_CONVERSION = YES;
				CLANG_WARN_COMMA = YES;
				CLANG_WARN_CONSTANT_CONVERSION = YES;
				CLANG_WARN_DEPRECATED_OBJC_IMPLEMENTATIONS = YES;
				CLANG_WARN_DIRECT_OBJC_ISA_USAGE = YES_ERROR;
				CLANG_WARN_DOCUMENTATION_COMMENTS = YES;
				CLANG_WARN_EMPTY_BODY = YES;
				CLANG_WARN_ENUM_CONVERSION = YES;
				CLANG_WARN_INFINITE_RECURSION = YES;
				CLANG_WARN_INT_CONVERSION = YES;
				CLANG_WARN_NON_LITERAL_NULL_CONVERSION = YES;
				CLANG_WARN_OBJC_IMPLICIT_RETAIN_SELF = YES;
				CLANG_WARN_OBJC_LITERAL_CONVERSION = YES;
				CLANG_WARN_OBJC_ROOT_CLASS = YES_ERROR;
				CLANG_WARN_QUOTED_INCLUDE_IN_FRAMEWORK_HEADER = YES;
				CLANG_WARN_RANGE_LOOP_ANALYSIS = YES;
				CLANG_WARN_STRICT_PROTOTYPES = YES;
				CLANG_WARN_SUSPICIOUS_MOVE = YES;
				CLANG_WARN_UNGUARDED_AVAILABILITY = YES_AGGRESSIVE;
				CLANG_WARN_UNREACHABLE_CODE = YES;
				CLANG_WARN__DUPLICATE_METHOD_MATCH = YES;
				COPY_PHASE_STRIP = NO;
				DEBUG_INFORMATION_FORMAT = "dwarf-with-dsym";
				ENABLE_NS_ASSERTIONS = NO;
				ENABLE_STRICT_OBJC_MSGSEND = YES;
				GCC_C_LANGUAGE_STANDARD = gnu11;
				GCC_NO_COMMON_BLOCKS = YES;
				GCC_WARN_64_TO_32_BIT_CONVERSION = YES;
				GCC_WARN_ABOUT_RETURN_TYPE = YES_ERROR;
				GCC_WARN_UNDECLARED_SELECTOR = YES;
				GCC_WARN_UNINITIALIZED_AUTOS = YES_AGGRESSIVE;
				GCC_WARN_UNUSED_FUNCTION = YES;
				GCC_WARN_UNUSED_VARIABLE = YES;
				IPHONEOS_DEPLOYMENT_TARGET = 14.5;
				MTL_ENABLE_DEBUG_INFO = NO;
				MTL_FAST_MATH = YES;
				SDKROOT = iphoneos;
				SWIFT_COMPILATION_MODE = wholemodule;
				SWIFT_OPTIMIZATION_LEVEL = "-O";
				VALIDATE_PRODUCT = YES;
			};
			name = Release;
		};
		10E9E6F7274029EC0056067A /* Debug */ = {
			isa = XCBuildConfiguration;
			buildSettings = {
				ASSETCATALOG_COMPILER_APPICON_NAME = AppIcon;
				ASSETCATALOG_COMPILER_GLOBAL_ACCENT_COLOR_NAME = AccentColor;
				CODE_SIGN_STYLE = Automatic;
				DEVELOPMENT_TEAM = 8GGDVJ5Z5B;
				INFOPLIST_FILE = toDoListCoreData/Info.plist;
				LD_RUNPATH_SEARCH_PATHS = (
					"$(inherited)",
					"@executable_path/Frameworks",
				);
				PRODUCT_BUNDLE_IDENTIFIER = "Poletaev-Alexandr.toDoListCoreData";
				PRODUCT_NAME = "$(TARGET_NAME)";
				SWIFT_VERSION = 5.0;
				TARGETED_DEVICE_FAMILY = "1,2";
			};
			name = Debug;
		};
		10E9E6F8274029EC0056067A /* Release */ = {
			isa = XCBuildConfiguration;
			buildSettings = {
				ASSETCATALOG_COMPILER_APPICON_NAME = AppIcon;
				ASSETCATALOG_COMPILER_GLOBAL_ACCENT_COLOR_NAME = AccentColor;
				CODE_SIGN_STYLE = Automatic;
				DEVELOPMENT_TEAM = 8GGDVJ5Z5B;
				INFOPLIST_FILE = toDoListCoreData/Info.plist;
				LD_RUNPATH_SEARCH_PATHS = (
					"$(inherited)",
					"@executable_path/Frameworks",
				);
				PRODUCT_BUNDLE_IDENTIFIER = "Poletaev-Alexandr.toDoListCoreData";
				PRODUCT_NAME = "$(TARGET_NAME)";
				SWIFT_VERSION = 5.0;
				TARGETED_DEVICE_FAMILY = "1,2";
			};
			name = Release;
		};
/* End XCBuildConfiguration section */

/* Begin XCConfigurationList section */
		10E9E6DA274029EB0056067A /* Build configuration list for PBXProject "toDoListCoreData" */ = {
			isa = XCConfigurationList;
			buildConfigurations = (
				10E9E6F4274029EC0056067A /* Debug */,
				10E9E6F5274029EC0056067A /* Release */,
			);
			defaultConfigurationIsVisible = 0;
			defaultConfigurationName = Release;
		};
		10E9E6F6274029EC0056067A /* Build configuration list for PBXNativeTarget "toDoListCoreData" */ = {
			isa = XCConfigurationList;
			buildConfigurations = (
				10E9E6F7274029EC0056067A /* Debug */,
				10E9E6F8274029EC0056067A /* Release */,
			);
			defaultConfigurationIsVisible = 0;
			defaultConfigurationName = Release;
		};
/* End XCConfigurationList section */

/* Begin XCVersionGroup section */
		10E9E6EB274029EB0056067A /* toDoListCoreData.xcdatamodeld */ = {
			isa = XCVersionGroup;
			children = (
				10E9E6EC274029EB0056067A /* toDoListCoreData.xcdatamodel */,
			);
			currentVersion = 10E9E6EC274029EB0056067A /* toDoListCoreData.xcdatamodel */;
			path = toDoListCoreData.xcdatamodeld;
			sourceTree = "<group>";
			versionGroupType = wrapper.xcdatamodel;
		};
/* End XCVersionGroup section */
	};
	rootObject = 10E9E6D7274029EB0056067A /* Project object */;
}
